
Microsoft Visual Studio Solution File, Format Version 12.00
# Visual Studio Version 17
VisualStudioVersion = 17.11.35327.3
MinimumVisualStudioVersion = 10.0.40219.1
Project("{9A19103F-16F7-4668-BE54-9A1E7A4F7556}") = "Maui.CommunityToolkit.TabView.Compat", "Maui.CommunityToolkit.TabView.Compat\Maui.CommunityToolkit.TabView.Compat.csproj", "{AA837E23-7D93-4930-A3ED-50CF902003FC}"
EndProject
Global
	GlobalSection(SolutionConfigurationPlatforms) = preSolution
		Debug|Any CPU = Debug|Any CPU
		Release|Any CPU = Release|Any CPU
	EndGlobalSection
	GlobalSection(ProjectConfigurationPlatforms) = postSolution
		{AA837E23-7D93-4930-A3ED-50CF902003FC}.Debug|Any CPU.ActiveCfg = Debug|Any CPU
		{AA837E23-7D93-4930-A3ED-50CF902003FC}.Debug|Any CPU.Build.0 = Debug|Any CPU
		{AA837E23-7D93-4930-A3ED-50CF902003FC}.Debug|Any CPU.Deploy.0 = Debug|Any CPU
		{AA837E23-7D93-4930-A3ED-50CF902003FC}.Release|Any CPU.ActiveCfg = Release|Any CPU
		{AA837E23-7D93-4930-A3ED-50CF902003FC}.Release|Any CPU.Build.0 = Release|Any CPU
		{AA837E23-7D93-4930-A3ED-50CF902003FC}.Release|Any CPU.Deploy.0 = Release|Any CPU
	EndGlobalSection
	GlobalSection(SolutionProperties) = preSolution
		HideSolutionNode = FALSE
	EndGlobalSection
	GlobalSection(ExtensibilityGlobals) = postSolution
		SolutionGuid = {0EC3C870-160E-43A4-9B1A-31C5F56EB687}
	EndGlobalSection
EndGlobal
